
Microsoft Visual Studio Solution File, Format Version 12.00
# Visual Studio Version 17
VisualStudioVersion = 17.7.34031.279
MinimumVisualStudioVersion = 10.0.40219.1
Project("{9A19103F-16F7-4668-BE54-9A1E7A4F7556}") = "GeonBit.UI", "GeonBit.UI\GeonBit.UI.csproj", "{0651DD1F-DB39-4617-B373-950AE63D7A5A}"
EndProject
Project("{9A19103F-16F7-4668-BE54-9A1E7A4F7556}") = "GeonBit.UI.Examples", "GeonBit.UI.Examples\GeonBit.UI.Examples.csproj", "{A67EAC37-30E0-4C3A-A366-02B73519CA03}"
EndProject
Global
	GlobalSection(SolutionConfigurationPlatforms) = preSolution
		Debug|Any CPU = Debug|Any CPU
		Release|Any CPU = Release|Any CPU
	EndGlobalSection
	GlobalSection(ProjectConfigurationPlatforms) = postSolution
		{0651DD1F-DB39-4617-B373-950AE63D7A5A}.Debug|Any CPU.ActiveCfg = Debug|Any CPU
		{0651DD1F-DB39-4617-B373-950AE63D7A5A}.Debug|Any CPU.Build.0 = Debug|Any CPU
		{0651DD1F-DB39-4617-B373-950AE63D7A5A}.Release|Any CPU.ActiveCfg = Release|Any CPU
		{0651DD1F-DB39-4617-B373-950AE63D7A5A}.Release|Any CPU.Build.0 = Release|Any CPU
		{A67EAC37-30E0-4C3A-A366-02B73519CA03}.Debug|Any CPU.ActiveCfg = Debug|Any CPU
		{A67EAC37-30E0-4C3A-A366-02B73519CA03}.Debug|Any CPU.Build.0 = Debug|Any CPU
		{A67EAC37-30E0-4C3A-A366-02B73519CA03}.Release|Any CPU.ActiveCfg = Release|Any CPU
		{A67EAC37-30E0-4C3A-A366-02B73519CA03}.Release|Any CPU.Build.0 = Release|Any CPU
	EndGlobalSection
	GlobalSection(SolutionProperties) = preSolution
		HideSolutionNode = FALSE
	EndGlobalSection
	GlobalSection(ExtensibilityGlobals) = postSolution
		SolutionGuid = {C61B853C-7020-4DA1-A038-B5EF4170748B}
	EndGlobalSection
EndGlobal
