
Microsoft Visual Studio Solution File, Format Version 12.00
# Visual Studio Version 16
VisualStudioVersion = 16.0.30523.141
MinimumVisualStudioVersion = 10.0.40219.1
Project("{9A19103F-16F7-4668-BE54-9A1E7A4F7556}") = "GeonBit.UI", "GeonBit.UI.csproj", "{32DC9CE2-2B80-415A-935F-AB593F9D3A8B}"
EndProject
Global
	GlobalSection(SolutionConfigurationPlatforms) = preSolution
		Debug|Any CPU = Debug|Any CPU
		Release|Any CPU = Release|Any CPU
	EndGlobalSection
	GlobalSection(ProjectConfigurationPlatforms) = postSolution
		{32DC9CE2-2B80-415A-935F-AB593F9D3A8B}.Debug|Any CPU.ActiveCfg = Debug|Any CPU
		{32DC9CE2-2B80-415A-935F-AB593F9D3A8B}.Debug|Any CPU.Build.0 = Debug|Any CPU
		{32DC9CE2-2B80-415A-935F-AB593F9D3A8B}.Release|Any CPU.ActiveCfg = Release|Any CPU
		{32DC9CE2-2B80-415A-935F-AB593F9D3A8B}.Release|Any CPU.Build.0 = Release|Any CPU
	EndGlobalSection
	GlobalSection(SolutionProperties) = preSolution
		HideSolutionNode = FALSE
	EndGlobalSection
	GlobalSection(ExtensibilityGlobals) = postSolution
		SolutionGuid = {370B5801-59A3-4352-B632-7FBF24FEA5CE}
	EndGlobalSection
EndGlobal
