
Microsoft Visual Studio Solution File, Format Version 12.00
# Visual Studio 14
VisualStudioVersion = 14.0.24720.0
MinimumVisualStudioVersion = 10.0.40219.1
Project("{FAE04EC0-301F-11D3-BF4B-00C04F79EFBC}") = "DataTypes", "DataTypes\DataTypes.csproj", "{646CD5DC-8EAF-43E3-8626-48D9F68CCAB0}"
EndProject
Global
	GlobalSection(SolutionConfigurationPlatforms) = preSolution
		Debug|Any CPU = Debug|Any CPU
		Release|Any CPU = Release|Any CPU
	EndGlobalSection
	GlobalSection(ProjectConfigurationPlatforms) = postSolution
		{646CD5DC-8EAF-43E3-8626-48D9F68CCAB0}.Debug|Any CPU.ActiveCfg = Debug|Any CPU
		{646CD5DC-8EAF-43E3-8626-48D9F68CCAB0}.Debug|Any CPU.Build.0 = Debug|Any CPU
		{646CD5DC-8EAF-43E3-8626-48D9F68CCAB0}.Release|Any CPU.ActiveCfg = Release|Any CPU
		{646CD5DC-8EAF-43E3-8626-48D9F68CCAB0}.Release|Any CPU.Build.0 = Release|Any CPU
	EndGlobalSection
	GlobalSection(SolutionProperties) = preSolution
		HideSolutionNode = FALSE
	EndGlobalSection
EndGlobal
